lockfileVersion: '9.0'

settings:
  autoInstallPeers: true
  excludeLinksFromLockfile: false

importers:

  .:
    dependencies:
      koffi:
        specifier: 3.1.4
        version: 3.1.4
    devDependencies:
      '@microsoft/winappcli':
        specifier: 0.5.0
        version: 0.5.0
      '@playwright/cli':
        specifier: ^0.1.17
        version: 0.1.17

packages:

  '@koromix/koffi-darwin-arm64@3.1.4':
    resolution: {integrity: sha512-/9o0uahf25sNXz7CczfMAsgdHrrrkDK3/d1W5ygJUC7QnpWo80103yTYpYahWP3vTABK5yjzKtURgssv1paskA==}
    cpu: [arm64]
    os: [darwin]

  '@koromix/koffi-darwin-x64@3.1.4':
    resolution: {integrity: sha512-6IOhfAHbrySr6lYRU720Hg+IMQvtMpN08k9Ppf9WF8NxYRdHLnW1FJm7zCbClfrwudtjhS/piwDYwgAkO5u8cg==}
    cpu: [x64]
    os: [darwin]

  '@koromix/koffi-freebsd-arm64@3.1.4':
    resolution: {integrity: sha512-JKCWC0awdVvq7Nd/etn4PXFTa7uvyHn7IzqtaOZ3r4dJRdwQVby7Ai/wsQo8UUrJfAYlALkLYgFgU8wgsnAE/A==}
    cpu: [arm64]
    os: [freebsd]

  '@koromix/koffi-freebsd-ia32@3.1.4':
    resolution: {integrity: sha512-gU9pShDRLMZzftdGW+mTzyL8Cpa/7nzHPHe5vFakjGgtIzVFzdFBqwli4oB+tFsx44W1VqMMlvMMVlnz54ERiQ==}
    cpu: [ia32]
    os: [freebsd]

  '@koromix/koffi-freebsd-x64@3.1.4':
    resolution: {integrity: sha512-2kppLX97xBM3WoQET6noN4W02zT2fkFRXHYluAwcCcmkEax8AVJ1CYs6hxcZ3kaNPc+5P7yMw3V/b1lg2v3aMw==}
    cpu: [x64]
    os: [freebsd]

  '@koromix/koffi-linux-arm64@3.1.4':
    resolution: {integrity: sha512-yYbypuGVGqrNchkAMY59kj+7TZ1c1u9lXRG1+74X9T8G4rOaushoVONNYLuu+ygpbwsKzz/NvEDtRioRU/dQlQ==}
    cpu: [arm64]
    os: [linux]

  '@koromix/koffi-linux-ia32@3.1.4':
    resolution: {integrity: sha512-IoA/8Qfc6ZEmwMw2Nf4aSp9RfJnxh0UHhdqD4FsVXm0vC797kLMuzj744vv5tll+waVfjrU10jREqjtnMVFoQw==}
    cpu: [ia32]
    os: [linux]

  '@koromix/koffi-linux-loong64@3.1.4':
    resolution: {integrity: sha512-ZUTdea+9dg6CV9J9CIGbhTh0FtSBgvcGKqDrlp9BVQF71jEDKOri1by/TrDe8yQUyC5kzWN8vWnkzES5wT0xDg==}
    cpu: [loong64]
    os: [linux]

  '@koromix/koffi-linux-riscv64@3.1.4':
    resolution: {integrity: sha512-CINyyhNYV/8MX52MGhYcik2G6PXH+KEU2JEO7dOONlsGol4lSGyW40RvYA4RQgNYk8q8imGSEScL08X8eOXnaA==}
    cpu: [riscv64]
    os: [linux]

  '@koromix/koffi-linux-x64@3.1.4':
    resolution: {integrity: sha512-x3XnAy/tUTTCX/gMpV7VJNpOQIVQvzNhNYDrpyIeS9Q8/f1qLsE0vp0tj7A/YEDIfMVLqoJtyamfRJc04+vk4w==}
    cpu: [x64]
    os: [linux]

  '@koromix/koffi-openbsd-ia32@3.1.4':
    resolution: {integrity: sha512-r9p/fffvmBm7+iT5BZ+c17gZJ280jvmbinrPZqjG14rF9I4lk7xrlV79YfsexkeN4mcPjF2hSPtbMNFBoQU3Dw==}
    cpu: [ia32]
    os: [openbsd]

  '@koromix/koffi-openbsd-x64@3.1.4':
    resolution: {integrity: sha512-SNp5AxOzheC2YaWPu3Y86wxRHHWf6V9NMl5Ot5nu9OpnP61Yinzug7JwsCeXtcZZTbKLsfsWoT7y4n17UYpOVA==}
    cpu: [x64]
    os: [openbsd]

  '@koromix/koffi-win32-arm64@3.1.4':
    resolution: {integrity: sha512-oS8ETU35AelOD6DY7xmmz9qq26Xl38upXWiZbsdxbtH9UEIY0QpenQOuCK/0+q4CtfiLorRUlglGkO9YgPAIeA==}
    cpu: [arm64]
    os: [win32]

  '@koromix/koffi-win32-ia32@3.1.4':
    resolution: {integrity: sha512-zd7Qh8s4fzblD9zzuDf44XCbujYg3QrffhgcNJg79/YC6ABT2m0CUtX4yFic9EWm2ps8NPAM25kCTCXPpt3eaw==}
    cpu: [ia32]
    os: [win32]

  '@koromix/koffi-win32-x64@3.1.4':
    resolution: {integrity: sha512-BPeQXc1bRd0QBOklvsP+AjoRnUzKbPNE6rfx7VNxrebhh09MKld2ibstgKWn6ejQLEcfKEoUJ+WAWIhX4AOsIg==}
    cpu: [x64]
    os: [win32]

  '@microsoft/winappcli@0.5.0':
    resolution: {integrity: sha512-EZbMc1XQTCAkBeIZTWPCc0f3s53yGernSWjwHyJLj5xTPX2wHvT3oWSyXkAjzj/Wvkd286jGE7/gYG+Kjq4uKg==}
    engines: {node: '>=18.0.0'}
    os: [win32]
    hasBin: true

  '@playwright/cli@0.1.17':
    resolution: {integrity: sha512-VBw6y3p8eqOqmjKg07IkWSPGKJkpIhMRNDFI6DOYsDD6fAfcI1XYEWMLWyhSZQ0B/Oc2KN49eq4XqE64PUPHBg==}
    engines: {node: '>=18'}
    hasBin: true

  fsevents@2.3.2:
    resolution: {integrity: sha512-xiqMQR4xAeHTuB9uWm+fFRcIOgKBMiOBP+eXiyT7jsgVCq1bkVygt00oASowB7EdtpOHaaPgKt812P9ab+DDKA==}
    engines: {node: ^8.16.0 || ^10.6.0 || >=11.0.0}
    os: [darwin]

  koffi@3.1.4:
    resolution: {integrity: sha512-KHX39XIg7afe8ds+0MHPoLiKR9dCzsVK4oAmBUSaeJlcX0xur22f15C2DILbZ6GJ9eyqC+e6Sb1cTG7M17z+Tg==}

  playwright-core@1.62.0-alpha-1783623505000:
    resolution: {integrity: sha512-CPJZdsA/KGT2QQlekiV6Wt+QlQrZHVSZ6oiNtOI/bYYOIVLM8jfKGWTM4zQiyd4UN+40Cq4cA6lxmZHZbtPvJQ==}
    engines: {node: '>=20'}
    hasBin: true

  playwright@1.62.0-alpha-1783623505000:
    resolution: {integrity: sha512-6KV9h4PP3hqu4NaGdxxcijWfYh9LJcFI/R2sP4TTC4I5cFo3oRawN0ETlW5MkE3cQEgKhhoj0KUNz4sfpCT0Tg==}
    engines: {node: '>=20'}
    hasBin: true

snapshots:

  '@koromix/koffi-darwin-arm64@3.1.4':
    optional: true

  '@koromix/koffi-darwin-x64@3.1.4':
    optional: true

  '@koromix/koffi-freebsd-arm64@3.1.4':
    optional: true

  '@koromix/koffi-freebsd-ia32@3.1.4':
    optional: true

  '@koromix/koffi-freebsd-x64@3.1.4':
    optional: true

  '@koromix/koffi-linux-arm64@3.1.4':
    optional: true

  '@koromix/koffi-linux-ia32@3.1.4':
    optional: true

  '@koromix/koffi-linux-loong64@3.1.4':
    optional: true

  '@koromix/koffi-linux-riscv64@3.1.4':
    optional: true

  '@koromix/koffi-linux-x64@3.1.4':
    optional: true

  '@koromix/koffi-openbsd-ia32@3.1.4':
    optional: true

  '@koromix/koffi-openbsd-x64@3.1.4':
    optional: true

  '@koromix/koffi-win32-arm64@3.1.4':
    optional: true

  '@koromix/koffi-win32-ia32@3.1.4':
    optional: true

  '@koromix/koffi-win32-x64@3.1.4':
    optional: true

  '@microsoft/winappcli@0.5.0': {}

  '@playwright/cli@0.1.17':
    dependencies:
      playwright: 1.62.0-alpha-1783623505000
      playwright-core: 1.62.0-alpha-1783623505000

  fsevents@2.3.2:
    optional: true

  koffi@3.1.4:
    optionalDependencies:
      '@koromix/koffi-darwin-arm64': 3.1.4
      '@koromix/koffi-darwin-x64': 3.1.4
      '@koromix/koffi-freebsd-arm64': 3.1.4
      '@koromix/koffi-freebsd-ia32': 3.1.4
      '@koromix/koffi-freebsd-x64': 3.1.4
      '@koromix/koffi-linux-arm64': 3.1.4
      '@koromix/koffi-linux-ia32': 3.1.4
      '@koromix/koffi-linux-loong64': 3.1.4
      '@koromix/koffi-linux-riscv64': 3.1.4
      '@koromix/koffi-linux-x64': 3.1.4
      '@koromix/koffi-openbsd-ia32': 3.1.4
      '@koromix/koffi-openbsd-x64': 3.1.4
      '@koromix/koffi-win32-arm64': 3.1.4
      '@koromix/koffi-win32-ia32': 3.1.4
      '@koromix/koffi-win32-x64': 3.1.4

  playwright-core@1.62.0-alpha-1783623505000: {}

  playwright@1.62.0-alpha-1783623505000:
    dependencies:
      playwright-core: 1.62.0-alpha-1783623505000
    optionalDependencies:
      fsevents: 2.3.2
